{
  "name": "user",
  "version": "1.0.0",
  "lockfileVersion": 3,
  "requires": true,
  "packages": {
    "": {
      "name": "user",
      "version": "1.0.0",
      "dependencies": {
        "@types/jsonwebtoken": "../../layer/jwt/node_modules/@types/jsonwebtoken",
        "customJwt": "../../layer/jwt/customJwt",
        "customMysql": "../../layer/mysql2/customMysql",
        "jsonwebtoken": "../../layer/jwt/node_modules/jsonwebtoken"
      },
      "devDependencies": {
        "@types/aws-lambda": "~8"
      }
    },
    "../../layer/jwt": {
      "version": "1.0.0",
      "license": "ISC",
      "dependencies": {
        "@types/jsonwebtoken": "^9.0.7",
        "customJwt": "./customJwt",
        "jsonwebtoken": "^9.0.2"
      }
    },
    "../../layer/jwt/customJwt": {
      "name": "jwt",
      "version": "1.0.0",
      "license": "ISC"
    },
    "../../layer/jwt/node_modules/@types/jsonwebtoken": {
      "version": "9.0.7",
      "license": "MIT",
      "dependencies": {
        "@types/node": "*"
      }
    },
    "../../layer/jwt/node_modules/jsonwebtoken": {
      "version": "9.0.2",
      "license": "MIT",
      "dependencies": {
        "jws": "^3.2.2",
        "lodash.includes": "^4.3.0",
        "lodash.isboolean": "^3.0.3",
        "lodash.isinteger": "^4.0.4",
        "lodash.isnumber": "^3.0.3",
        "lodash.isplainobject": "^4.0.6",
        "lodash.isstring": "^4.0.1",
        "lodash.once": "^4.0.0",
        "ms": "^2.1.1",
        "semver": "^7.5.4"
      },
      "engines": {
        "node": ">=12",
        "npm": ">=6"
      }
    },
    "../../layer/mysql2/customMysql": {
      "name": "mysql2",
      "version": "1.0.0",
      "license": "ISC"
    },
    "node_modules/@types/aws-lambda": {
      "version": "8.10.146",
      "resolved": "https://registry.npmjs.org/@types/aws-lambda/-/aws-lambda-8.10.146.tgz",
      "integrity": "sha512-3BaDXYTh0e6UCJYL/jwV/3+GRslSc08toAiZSmleYtkAUyV5rtvdPYxrG/88uqvTuT6sb27WE9OS90ZNTIuQ0g==",
      "dev": true,
      "license": "MIT"
    },
    "node_modules/@types/jsonwebtoken": {
      "resolved": "../../layer/jwt/node_modules/@types/jsonwebtoken",
      "link": true
    },
    "node_modules/customJwt": {
      "resolved": "../../layer/jwt/customJwt",
      "link": true
    },
    "node_modules/customMysql": {
      "resolved": "../../layer/mysql2/customMysql",
      "link": true
    },
    "node_modules/jsonwebtoken": {
      "resolved": "../../layer/jwt/node_modules/jsonwebtoken",
      "link": true
    }
  }
}
